
Microsoft Visual Studio Solution File, Format Version 12.00
# Visual Studio 15
VisualStudioVersion = 15.0.28307.438
MinimumVisualStudioVersion = 10.0.40219.1
Project("{FAE04EC0-301F-11D3-BF4B-00C04F79EFBC}") = "Server", "Server\Server.csproj", "{59B32487-134D-427E-8F3E-04B8F079C1D9}"
EndProject
Project("{FAE04EC0-301F-11D3-BF4B-00C04F79EFBC}") = "Client", "Client\Client.csproj", "{4FD9A0A6-8985-45C9-8F02-0D0AC874BB53}"
EndProject
Project("{FAE04EC0-301F-11D3-BF4B-00C04F79EFBC}") = "Common", "Common\Common.csproj", "{1B6D3900-9859-4055-8325-0EF447DAB4E5}"
EndProject
Project("{FAE04EC0-301F-11D3-BF4B-00C04F79EFBC}") = "Replikator", "Replikator\Replikator.csproj", "{D4D2C8DE-D5A7-439A-9E60-1BFAFB6D2569}"
EndProject
Global
	GlobalSection(SolutionConfigurationPlatforms) = preSolution
		Debug|Any CPU = Debug|Any CPU
		Release|Any CPU = Release|Any CPU
	EndGlobalSection
	GlobalSection(ProjectConfigurationPlatforms) = postSolution
		{59B32487-134D-427E-8F3E-04B8F079C1D9}.Debug|Any CPU.ActiveCfg = Debug|Any CPU
		{59B32487-134D-427E-8F3E-04B8F079C1D9}.Debug|Any CPU.Build.0 = Debug|Any CPU
		{59B32487-134D-427E-8F3E-04B8F079C1D9}.Release|Any CPU.ActiveCfg = Release|Any CPU
		{59B32487-134D-427E-8F3E-04B8F079C1D9}.Release|Any CPU.Build.0 = Release|Any CPU
		{4FD9A0A6-8985-45C9-8F02-0D0AC874BB53}.Debug|Any CPU.ActiveCfg = Debug|Any CPU
		{4FD9A0A6-8985-45C9-8F02-0D0AC874BB53}.Debug|Any CPU.Build.0 = Debug|Any CPU
		{4FD9A0A6-8985-45C9-8F02-0D0AC874BB53}.Release|Any CPU.ActiveCfg = Release|Any CPU
		{4FD9A0A6-8985-45C9-8F02-0D0AC874BB53}.Release|Any CPU.Build.0 = Release|Any CPU
		{1B6D3900-9859-4055-8325-0EF447DAB4E5}.Debug|Any CPU.ActiveCfg = Debug|Any CPU
		{1B6D3900-9859-4055-8325-0EF447DAB4E5}.Debug|Any CPU.Build.0 = Debug|Any CPU
		{1B6D3900-9859-4055-8325-0EF447DAB4E5}.Release|Any CPU.ActiveCfg = Release|Any CPU
		{1B6D3900-9859-4055-8325-0EF447DAB4E5}.Release|Any CPU.Build.0 = Release|Any CPU
		{D4D2C8DE-D5A7-439A-9E60-1BFAFB6D2569}.Debug|Any CPU.ActiveCfg = Debug|Any CPU
		{D4D2C8DE-D5A7-439A-9E60-1BFAFB6D2569}.Debug|Any CPU.Build.0 = Debug|Any CPU
		{D4D2C8DE-D5A7-439A-9E60-1BFAFB6D2569}.Release|Any CPU.ActiveCfg = Release|Any CPU
		{D4D2C8DE-D5A7-439A-9E60-1BFAFB6D2569}.Release|Any CPU.Build.0 = Release|Any CPU
	EndGlobalSection
	GlobalSection(SolutionProperties) = preSolution
		HideSolutionNode = FALSE
	EndGlobalSection
	GlobalSection(ExtensibilityGlobals) = postSolution
		SolutionGuid = {92F6B938-B9D2-4202-82E8-2A43552BE791}
	EndGlobalSection
EndGlobal
