
Microsoft Visual Studio Solution File, Format Version 12.00
# Visual Studio 15
VisualStudioVersion = 15.0.28307.421
MinimumVisualStudioVersion = 10.0.40219.1
Project("{FAE04EC0-301F-11D3-BF4B-00C04F79EFBC}") = "STEFANSTUPAR", "STEFANSTUPAR\STEFANSTUPAR.csproj", "{968EF666-93B9-4193-BCE3-AA94BB742B69}"
EndProject
Global
	GlobalSection(SolutionConfigurationPlatforms) = preSolution
		Debug|Any CPU = Debug|Any CPU
		Release|Any CPU = Release|Any CPU
	EndGlobalSection
	GlobalSection(ProjectConfigurationPlatforms) = postSolution
		{968EF666-93B9-4193-BCE3-AA94BB742B69}.Debug|Any CPU.ActiveCfg = Debug|Any CPU
		{968EF666-93B9-4193-BCE3-AA94BB742B69}.Debug|Any CPU.Build.0 = Debug|Any CPU
		{968EF666-93B9-4193-BCE3-AA94BB742B69}.Release|Any CPU.ActiveCfg = Release|Any CPU
		{968EF666-93B9-4193-BCE3-AA94BB742B69}.Release|Any CPU.Build.0 = Release|Any CPU
	EndGlobalSection
	GlobalSection(SolutionProperties) = preSolution
		HideSolutionNode = FALSE
	EndGlobalSection
	GlobalSection(ExtensibilityGlobals) = postSolution
		SolutionGuid = {76626AFE-D647-4D0F-96A5-2DBF8C59EF2C}
	EndGlobalSection
EndGlobal
