
Microsoft Visual Studio Solution File, Format Version 12.00
# Visual Studio 15
VisualStudioVersion = 15.0.27004.2008
MinimumVisualStudioVersion = 10.0.40219.1
Project("{FAE04EC0-301F-11D3-BF4B-00C04F79EFBC}") = "PZ2", "PZ2\PZ2.csproj", "{010F6979-6AF1-4E9C-915E-8B4CBEA2F622}"
EndProject
Global
	GlobalSection(SolutionConfigurationPlatforms) = preSolution
		Debug|Any CPU = Debug|Any CPU
		Release|Any CPU = Release|Any CPU
	EndGlobalSection
	GlobalSection(ProjectConfigurationPlatforms) = postSolution
		{010F6979-6AF1-4E9C-915E-8B4CBEA2F622}.Debug|Any CPU.ActiveCfg = Debug|Any CPU
		{010F6979-6AF1-4E9C-915E-8B4CBEA2F622}.Debug|Any CPU.Build.0 = Debug|Any CPU
		{010F6979-6AF1-4E9C-915E-8B4CBEA2F622}.Release|Any CPU.ActiveCfg = Release|Any CPU
		{010F6979-6AF1-4E9C-915E-8B4CBEA2F622}.Release|Any CPU.Build.0 = Release|Any CPU
	EndGlobalSection
	GlobalSection(SolutionProperties) = preSolution
		HideSolutionNode = FALSE
	EndGlobalSection
	GlobalSection(ExtensibilityGlobals) = postSolution
		SolutionGuid = {05DEE2B5-0749-493E-8CFE-ABAC2DF3F069}
	EndGlobalSection
EndGlobal
