
Microsoft Visual Studio Solution File, Format Version 12.00
# Visual Studio 15
VisualStudioVersion = 15.0.28307.438
MinimumVisualStudioVersion = 10.0.40219.1
Project("{FAE04EC0-301F-11D3-BF4B-00C04F79EFBC}") = "Server", "Server\Server.csproj", "{D2DED244-61CF-47D7-BE7E-51F04CABA14C}"
EndProject
Project("{FAE04EC0-301F-11D3-BF4B-00C04F79EFBC}") = "Client", "Client\Client.csproj", "{C6B68C8E-928D-4974-B35A-BB7BB896C2AE}"
EndProject
Project("{FAE04EC0-301F-11D3-BF4B-00C04F79EFBC}") = "Common", "Common\Common.csproj", "{73A243A5-EA0E-4FF4-B013-322FF9D89A6D}"
EndProject
Project("{FAE04EC0-301F-11D3-BF4B-00C04F79EFBC}") = "Replikator", "Replikator\Replikator.csproj", "{16FC6AFC-B396-4A53-8651-2B4F0BDEF698}"
EndProject
Global
	GlobalSection(SolutionConfigurationPlatforms) = preSolution
		Debug|Any CPU = Debug|Any CPU
		Release|Any CPU = Release|Any CPU
	EndGlobalSection
	GlobalSection(ProjectConfigurationPlatforms) = postSolution
		{D2DED244-61CF-47D7-BE7E-51F04CABA14C}.Debug|Any CPU.ActiveCfg = Debug|Any CPU
		{D2DED244-61CF-47D7-BE7E-51F04CABA14C}.Debug|Any CPU.Build.0 = Debug|Any CPU
		{D2DED244-61CF-47D7-BE7E-51F04CABA14C}.Release|Any CPU.ActiveCfg = Release|Any CPU
		{D2DED244-61CF-47D7-BE7E-51F04CABA14C}.Release|Any CPU.Build.0 = Release|Any CPU
		{C6B68C8E-928D-4974-B35A-BB7BB896C2AE}.Debug|Any CPU.ActiveCfg = Debug|Any CPU
		{C6B68C8E-928D-4974-B35A-BB7BB896C2AE}.Debug|Any CPU.Build.0 = Debug|Any CPU
		{C6B68C8E-928D-4974-B35A-BB7BB896C2AE}.Release|Any CPU.ActiveCfg = Release|Any CPU
		{C6B68C8E-928D-4974-B35A-BB7BB896C2AE}.Release|Any CPU.Build.0 = Release|Any CPU
		{73A243A5-EA0E-4FF4-B013-322FF9D89A6D}.Debug|Any CPU.ActiveCfg = Debug|Any CPU
		{73A243A5-EA0E-4FF4-B013-322FF9D89A6D}.Debug|Any CPU.Build.0 = Debug|Any CPU
		{73A243A5-EA0E-4FF4-B013-322FF9D89A6D}.Release|Any CPU.ActiveCfg = Release|Any CPU
		{73A243A5-EA0E-4FF4-B013-322FF9D89A6D}.Release|Any CPU.Build.0 = Release|Any CPU
		{16FC6AFC-B396-4A53-8651-2B4F0BDEF698}.Debug|Any CPU.ActiveCfg = Debug|Any CPU
		{16FC6AFC-B396-4A53-8651-2B4F0BDEF698}.Debug|Any CPU.Build.0 = Debug|Any CPU
		{16FC6AFC-B396-4A53-8651-2B4F0BDEF698}.Release|Any CPU.ActiveCfg = Release|Any CPU
		{16FC6AFC-B396-4A53-8651-2B4F0BDEF698}.Release|Any CPU.Build.0 = Release|Any CPU
	EndGlobalSection
	GlobalSection(SolutionProperties) = preSolution
		HideSolutionNode = FALSE
	EndGlobalSection
	GlobalSection(ExtensibilityGlobals) = postSolution
		SolutionGuid = {6421FBCF-DF42-448D-86EC-9423E7D19C74}
	EndGlobalSection
EndGlobal
