
Microsoft Visual Studio Solution File, Format Version 12.00
# Visual Studio 15
VisualStudioVersion = 15.0.26730.3
MinimumVisualStudioVersion = 10.0.40219.1
Project("{FAE04EC0-301F-11D3-BF4B-00C04F79EFBC}") = "PZ1", "PZ1\PZ1.csproj", "{9940D061-307D-495E-A2D3-44B4608BAE9B}"
EndProject
Project("{FAE04EC0-301F-11D3-BF4B-00C04F79EFBC}") = "Classes", "Classes\Classes.csproj", "{7922ECAC-66C9-453A-B14B-DD2D8795623A}"
EndProject
Global
	GlobalSection(SolutionConfigurationPlatforms) = preSolution
		Debug|Any CPU = Debug|Any CPU
		Release|Any CPU = Release|Any CPU
	EndGlobalSection
	GlobalSection(ProjectConfigurationPlatforms) = postSolution
		{9940D061-307D-495E-A2D3-44B4608BAE9B}.Debug|Any CPU.ActiveCfg = Debug|Any CPU
		{9940D061-307D-495E-A2D3-44B4608BAE9B}.Debug|Any CPU.Build.0 = Debug|Any CPU
		{9940D061-307D-495E-A2D3-44B4608BAE9B}.Release|Any CPU.ActiveCfg = Release|Any CPU
		{9940D061-307D-495E-A2D3-44B4608BAE9B}.Release|Any CPU.Build.0 = Release|Any CPU
		{7922ECAC-66C9-453A-B14B-DD2D8795623A}.Debug|Any CPU.ActiveCfg = Debug|Any CPU
		{7922ECAC-66C9-453A-B14B-DD2D8795623A}.Debug|Any CPU.Build.0 = Debug|Any CPU
		{7922ECAC-66C9-453A-B14B-DD2D8795623A}.Release|Any CPU.ActiveCfg = Release|Any CPU
		{7922ECAC-66C9-453A-B14B-DD2D8795623A}.Release|Any CPU.Build.0 = Release|Any CPU
	EndGlobalSection
	GlobalSection(SolutionProperties) = preSolution
		HideSolutionNode = FALSE
	EndGlobalSection
	GlobalSection(ExtensibilityGlobals) = postSolution
		SolutionGuid = {1B31CFCD-0C6A-4A3E-9200-5B422C541ED5}
	EndGlobalSection
EndGlobal
