
Microsoft Visual Studio Solution File, Format Version 12.00
# Visual Studio Version 16
VisualStudioVersion = 16.0.30011.22
MinimumVisualStudioVersion = 10.0.40219.1
Project("{FAE04EC0-301F-11D3-BF4B-00C04F79EFBC}") = "UI", "UI\UI.csproj", "{DEEEE073-C8C0-409B-8759-045DE45A1749}"
EndProject
Project("{FAE04EC0-301F-11D3-BF4B-00C04F79EFBC}") = "Common", "Common\Common.csproj", "{2FFBFF11-6412-449F-BBBE-1607278F089E}"
EndProject
Global
	GlobalSection(SolutionConfigurationPlatforms) = preSolution
		Debug|Any CPU = Debug|Any CPU
		Release|Any CPU = Release|Any CPU
	EndGlobalSection
	GlobalSection(ProjectConfigurationPlatforms) = postSolution
		{DEEEE073-C8C0-409B-8759-045DE45A1749}.Debug|Any CPU.ActiveCfg = Debug|Any CPU
		{DEEEE073-C8C0-409B-8759-045DE45A1749}.Debug|Any CPU.Build.0 = Debug|Any CPU
		{DEEEE073-C8C0-409B-8759-045DE45A1749}.Release|Any CPU.ActiveCfg = Release|Any CPU
		{DEEEE073-C8C0-409B-8759-045DE45A1749}.Release|Any CPU.Build.0 = Release|Any CPU
		{2FFBFF11-6412-449F-BBBE-1607278F089E}.Debug|Any CPU.ActiveCfg = Debug|Any CPU
		{2FFBFF11-6412-449F-BBBE-1607278F089E}.Debug|Any CPU.Build.0 = Debug|Any CPU
		{2FFBFF11-6412-449F-BBBE-1607278F089E}.Release|Any CPU.ActiveCfg = Release|Any CPU
		{2FFBFF11-6412-449F-BBBE-1607278F089E}.Release|Any CPU.Build.0 = Release|Any CPU
	EndGlobalSection
	GlobalSection(SolutionProperties) = preSolution
		HideSolutionNode = FALSE
	EndGlobalSection
	GlobalSection(ExtensibilityGlobals) = postSolution
		SolutionGuid = {4213DBC7-D93E-4312-A44C-3DEAE3949F41}
	EndGlobalSection
EndGlobal
