
Microsoft Visual Studio Solution File, Format Version 12.00
# Visual Studio 15
VisualStudioVersion = 15.0.28307.438
MinimumVisualStudioVersion = 10.0.40219.1
Project("{FAE04EC0-301F-11D3-BF4B-00C04F79EFBC}") = "Server", "Server\Server.csproj", "{1ED59A1D-5FC2-49F6-A2ED-D8AE2603B40A}"
EndProject
Project("{FAE04EC0-301F-11D3-BF4B-00C04F79EFBC}") = "Client", "Client\Client.csproj", "{910E4DB4-BC0A-4D31-8B29-7D27566F1CC9}"
EndProject
Project("{FAE04EC0-301F-11D3-BF4B-00C04F79EFBC}") = "Common", "Common\Common.csproj", "{D0F235DE-D581-437E-AD1A-C66948BF06A9}"
EndProject
Global
	GlobalSection(SolutionConfigurationPlatforms) = preSolution
		Debug|Any CPU = Debug|Any CPU
		Release|Any CPU = Release|Any CPU
	EndGlobalSection
	GlobalSection(ProjectConfigurationPlatforms) = postSolution
		{1ED59A1D-5FC2-49F6-A2ED-D8AE2603B40A}.Debug|Any CPU.ActiveCfg = Debug|Any CPU
		{1ED59A1D-5FC2-49F6-A2ED-D8AE2603B40A}.Debug|Any CPU.Build.0 = Debug|Any CPU
		{1ED59A1D-5FC2-49F6-A2ED-D8AE2603B40A}.Release|Any CPU.ActiveCfg = Release|Any CPU
		{1ED59A1D-5FC2-49F6-A2ED-D8AE2603B40A}.Release|Any CPU.Build.0 = Release|Any CPU
		{910E4DB4-BC0A-4D31-8B29-7D27566F1CC9}.Debug|Any CPU.ActiveCfg = Debug|Any CPU
		{910E4DB4-BC0A-4D31-8B29-7D27566F1CC9}.Debug|Any CPU.Build.0 = Debug|Any CPU
		{910E4DB4-BC0A-4D31-8B29-7D27566F1CC9}.Release|Any CPU.ActiveCfg = Release|Any CPU
		{910E4DB4-BC0A-4D31-8B29-7D27566F1CC9}.Release|Any CPU.Build.0 = Release|Any CPU
		{D0F235DE-D581-437E-AD1A-C66948BF06A9}.Debug|Any CPU.ActiveCfg = Debug|Any CPU
		{D0F235DE-D581-437E-AD1A-C66948BF06A9}.Debug|Any CPU.Build.0 = Debug|Any CPU
		{D0F235DE-D581-437E-AD1A-C66948BF06A9}.Release|Any CPU.ActiveCfg = Release|Any CPU
		{D0F235DE-D581-437E-AD1A-C66948BF06A9}.Release|Any CPU.Build.0 = Release|Any CPU
	EndGlobalSection
	GlobalSection(SolutionProperties) = preSolution
		HideSolutionNode = FALSE
	EndGlobalSection
	GlobalSection(ExtensibilityGlobals) = postSolution
		SolutionGuid = {D18FF9DE-80F6-4694-AC8E-E58E09341098}
	EndGlobalSection
EndGlobal
