
Microsoft Visual Studio Solution File, Format Version 12.00
# Visual Studio 15
VisualStudioVersion = 15.0.28010.2026
MinimumVisualStudioVersion = 10.0.40219.1
Project("{FAE04EC0-301F-11D3-BF4B-00C04F79EFBC}") = "WpfApp1", "WpfApp1\WpfApp1.csproj", "{881BFE3F-3EFE-49C1-8B4D-CB86E0D851B4}"
EndProject
Global
	GlobalSection(SolutionConfigurationPlatforms) = preSolution
		Debug|Any CPU = Debug|Any CPU
		Release|Any CPU = Release|Any CPU
	EndGlobalSection
	GlobalSection(ProjectConfigurationPlatforms) = postSolution
		{881BFE3F-3EFE-49C1-8B4D-CB86E0D851B4}.Debug|Any CPU.ActiveCfg = Debug|Any CPU
		{881BFE3F-3EFE-49C1-8B4D-CB86E0D851B4}.Debug|Any CPU.Build.0 = Debug|Any CPU
		{881BFE3F-3EFE-49C1-8B4D-CB86E0D851B4}.Release|Any CPU.ActiveCfg = Release|Any CPU
		{881BFE3F-3EFE-49C1-8B4D-CB86E0D851B4}.Release|Any CPU.Build.0 = Release|Any CPU
	EndGlobalSection
	GlobalSection(SolutionProperties) = preSolution
		HideSolutionNode = FALSE
	EndGlobalSection
	GlobalSection(ExtensibilityGlobals) = postSolution
		SolutionGuid = {05F22A00-3C64-4986-B0DC-5E6485D89C04}
	EndGlobalSection
EndGlobal
