
Microsoft Visual Studio Solution File, Format Version 12.00
# Visual Studio 15
VisualStudioVersion = 15.0.28307.438
MinimumVisualStudioVersion = 10.0.40219.1
Project("{FAE04EC0-301F-11D3-BF4B-00C04F79EFBC}") = "Server", "Server\Server.csproj", "{0CA16340-0660-441D-BBBE-1D5E99DC0A4A}"
EndProject
Project("{FAE04EC0-301F-11D3-BF4B-00C04F79EFBC}") = "Client", "Client\Client.csproj", "{15FF3849-464D-459A-8FC7-9BDF33A4802E}"
EndProject
Project("{FAE04EC0-301F-11D3-BF4B-00C04F79EFBC}") = "Common", "Common\Common.csproj", "{9A3C9440-9C2C-4DEB-8A97-DBEF61DE2965}"
EndProject
Project("{FAE04EC0-301F-11D3-BF4B-00C04F79EFBC}") = "ReplikatorClient", "ReplikatorClient\ReplikatorClient.csproj", "{7F04890F-EDDD-46C5-84D2-5DDD09552D91}"
EndProject
Global
	GlobalSection(SolutionConfigurationPlatforms) = preSolution
		Debug|Any CPU = Debug|Any CPU
		Release|Any CPU = Release|Any CPU
	EndGlobalSection
	GlobalSection(ProjectConfigurationPlatforms) = postSolution
		{0CA16340-0660-441D-BBBE-1D5E99DC0A4A}.Debug|Any CPU.ActiveCfg = Debug|Any CPU
		{0CA16340-0660-441D-BBBE-1D5E99DC0A4A}.Debug|Any CPU.Build.0 = Debug|Any CPU
		{0CA16340-0660-441D-BBBE-1D5E99DC0A4A}.Release|Any CPU.ActiveCfg = Release|Any CPU
		{0CA16340-0660-441D-BBBE-1D5E99DC0A4A}.Release|Any CPU.Build.0 = Release|Any CPU
		{15FF3849-464D-459A-8FC7-9BDF33A4802E}.Debug|Any CPU.ActiveCfg = Debug|Any CPU
		{15FF3849-464D-459A-8FC7-9BDF33A4802E}.Debug|Any CPU.Build.0 = Debug|Any CPU
		{15FF3849-464D-459A-8FC7-9BDF33A4802E}.Release|Any CPU.ActiveCfg = Release|Any CPU
		{15FF3849-464D-459A-8FC7-9BDF33A4802E}.Release|Any CPU.Build.0 = Release|Any CPU
		{9A3C9440-9C2C-4DEB-8A97-DBEF61DE2965}.Debug|Any CPU.ActiveCfg = Debug|Any CPU
		{9A3C9440-9C2C-4DEB-8A97-DBEF61DE2965}.Debug|Any CPU.Build.0 = Debug|Any CPU
		{9A3C9440-9C2C-4DEB-8A97-DBEF61DE2965}.Release|Any CPU.ActiveCfg = Release|Any CPU
		{9A3C9440-9C2C-4DEB-8A97-DBEF61DE2965}.Release|Any CPU.Build.0 = Release|Any CPU
		{7F04890F-EDDD-46C5-84D2-5DDD09552D91}.Debug|Any CPU.ActiveCfg = Debug|Any CPU
		{7F04890F-EDDD-46C5-84D2-5DDD09552D91}.Debug|Any CPU.Build.0 = Debug|Any CPU
		{7F04890F-EDDD-46C5-84D2-5DDD09552D91}.Release|Any CPU.ActiveCfg = Release|Any CPU
		{7F04890F-EDDD-46C5-84D2-5DDD09552D91}.Release|Any CPU.Build.0 = Release|Any CPU
	EndGlobalSection
	GlobalSection(SolutionProperties) = preSolution
		HideSolutionNode = FALSE
	EndGlobalSection
	GlobalSection(ExtensibilityGlobals) = postSolution
		SolutionGuid = {276B68B7-5D2E-4FEA-87DB-1B079C706338}
	EndGlobalSection
EndGlobal
