
Microsoft Visual Studio Solution File, Format Version 12.00
# Visual Studio 15
VisualStudioVersion = 15.0.28307.705
MinimumVisualStudioVersion = 10.0.40219.1
Project("{FAE04EC0-301F-11D3-BF4B-00C04F79EFBC}") = "BankService", "BankService\BankService.csproj", "{5207DFCE-B90E-44E6-9D51-D8315752D590}"
EndProject
Project("{FAE04EC0-301F-11D3-BF4B-00C04F79EFBC}") = "Client", "Client\Client.csproj", "{8E49761C-50D5-476A-BFB6-DDD70AFB830C}"
EndProject
Project("{FAE04EC0-301F-11D3-BF4B-00C04F79EFBC}") = "SectorService", "SectorService\SectorService.csproj", "{ECD5F185-38E3-4834-B3F4-6F18DCABE130}"
EndProject
Project("{FAE04EC0-301F-11D3-BF4B-00C04F79EFBC}") = "AuditingService", "AuditingService\AuditingService.csproj", "{06CAABB3-9E83-489C-A204-F71A882D3E30}"
EndProject
Project("{FAE04EC0-301F-11D3-BF4B-00C04F79EFBC}") = "Common", "Common\Common.csproj", "{74B50D6E-D393-4EB9-A9F0-FA63AF90462E}"
EndProject
Global
	GlobalSection(SolutionConfigurationPlatforms) = preSolution
		Debug|Any CPU = Debug|Any CPU
		Release|Any CPU = Release|Any CPU
	EndGlobalSection
	GlobalSection(ProjectConfigurationPlatforms) = postSolution
		{5207DFCE-B90E-44E6-9D51-D8315752D590}.Debug|Any CPU.ActiveCfg = Debug|Any CPU
		{5207DFCE-B90E-44E6-9D51-D8315752D590}.Debug|Any CPU.Build.0 = Debug|Any CPU
		{5207DFCE-B90E-44E6-9D51-D8315752D590}.Release|Any CPU.ActiveCfg = Release|Any CPU
		{5207DFCE-B90E-44E6-9D51-D8315752D590}.Release|Any CPU.Build.0 = Release|Any CPU
		{8E49761C-50D5-476A-BFB6-DDD70AFB830C}.Debug|Any CPU.ActiveCfg = Debug|Any CPU
		{8E49761C-50D5-476A-BFB6-DDD70AFB830C}.Debug|Any CPU.Build.0 = Debug|Any CPU
		{8E49761C-50D5-476A-BFB6-DDD70AFB830C}.Release|Any CPU.ActiveCfg = Release|Any CPU
		{8E49761C-50D5-476A-BFB6-DDD70AFB830C}.Release|Any CPU.Build.0 = Release|Any CPU
		{ECD5F185-38E3-4834-B3F4-6F18DCABE130}.Debug|Any CPU.ActiveCfg = Debug|Any CPU
		{ECD5F185-38E3-4834-B3F4-6F18DCABE130}.Debug|Any CPU.Build.0 = Debug|Any CPU
		{ECD5F185-38E3-4834-B3F4-6F18DCABE130}.Release|Any CPU.ActiveCfg = Release|Any CPU
		{ECD5F185-38E3-4834-B3F4-6F18DCABE130}.Release|Any CPU.Build.0 = Release|Any CPU
		{06CAABB3-9E83-489C-A204-F71A882D3E30}.Debug|Any CPU.ActiveCfg = Debug|Any CPU
		{06CAABB3-9E83-489C-A204-F71A882D3E30}.Debug|Any CPU.Build.0 = Debug|Any CPU
		{06CAABB3-9E83-489C-A204-F71A882D3E30}.Release|Any CPU.ActiveCfg = Release|Any CPU
		{06CAABB3-9E83-489C-A204-F71A882D3E30}.Release|Any CPU.Build.0 = Release|Any CPU
		{74B50D6E-D393-4EB9-A9F0-FA63AF90462E}.Debug|Any CPU.ActiveCfg = Debug|Any CPU
		{74B50D6E-D393-4EB9-A9F0-FA63AF90462E}.Debug|Any CPU.Build.0 = Debug|Any CPU
		{74B50D6E-D393-4EB9-A9F0-FA63AF90462E}.Release|Any CPU.ActiveCfg = Release|Any CPU
		{74B50D6E-D393-4EB9-A9F0-FA63AF90462E}.Release|Any CPU.Build.0 = Release|Any CPU
	EndGlobalSection
	GlobalSection(SolutionProperties) = preSolution
		HideSolutionNode = FALSE
	EndGlobalSection
	GlobalSection(ExtensibilityGlobals) = postSolution
		SolutionGuid = {0C42A00B-489A-4A5B-8AD0-919C350012F4}
	EndGlobalSection
EndGlobal
