
Microsoft Visual Studio Solution File, Format Version 11.00
# Visual Studio 2010
Project("{8BC9CEB8-8B4A-11D0-8D11-00A0C91BC942}") = "WinSockServer", "WinSockServer\WinSockServer.vcxproj", "{5D10DBDD-4F47-4F4A-8D0D-2F539AFE709D}"
EndProject
Project("{8BC9CEB8-8B4A-11D0-8D11-00A0C91BC942}") = "WinSockClient", "WinSockClient\WinSockClient.vcxproj", "{353821A1-0ECA-48F2-88D5-8477DDE44DA6}"
EndProject
Global
	GlobalSection(SolutionConfigurationPlatforms) = preSolution
		Debug|Win32 = Debug|Win32
		Release|Win32 = Release|Win32
	EndGlobalSection
	GlobalSection(ProjectConfigurationPlatforms) = postSolution
		{5D10DBDD-4F47-4F4A-8D0D-2F539AFE709D}.Debug|Win32.ActiveCfg = Debug|Win32
		{5D10DBDD-4F47-4F4A-8D0D-2F539AFE709D}.Debug|Win32.Build.0 = Debug|Win32
		{5D10DBDD-4F47-4F4A-8D0D-2F539AFE709D}.Release|Win32.ActiveCfg = Release|Win32
		{5D10DBDD-4F47-4F4A-8D0D-2F539AFE709D}.Release|Win32.Build.0 = Release|Win32
		{353821A1-0ECA-48F2-88D5-8477DDE44DA6}.Debug|Win32.ActiveCfg = Debug|Win32
		{353821A1-0ECA-48F2-88D5-8477DDE44DA6}.Debug|Win32.Build.0 = Debug|Win32
		{353821A1-0ECA-48F2-88D5-8477DDE44DA6}.Release|Win32.ActiveCfg = Release|Win32
		{353821A1-0ECA-48F2-88D5-8477DDE44DA6}.Release|Win32.Build.0 = Release|Win32
	EndGlobalSection
	GlobalSection(SolutionProperties) = preSolution
		HideSolutionNode = FALSE
	EndGlobalSection
EndGlobal
