
Microsoft Visual Studio Solution File, Format Version 12.00
# Visual Studio Version 16
VisualStudioVersion = 16.0.29509.3
MinimumVisualStudioVersion = 10.0.40219.1
Project("{FAE04EC0-301F-11D3-BF4B-00C04F79EFBC}") = "Server", "Server\Server.csproj", "{81D48CB6-A395-4876-BE52-01AE7255FC6D}"
EndProject
Project("{FAE04EC0-301F-11D3-BF4B-00C04F79EFBC}") = "Common", "Common\Common.csproj", "{1AA9477E-7135-4A8B-A3AE-42214C9F8116}"
EndProject
Project("{FAE04EC0-301F-11D3-BF4B-00C04F79EFBC}") = "Client", "Client\Client.csproj", "{247B4115-BD45-4BDD-B54F-36610A8A11EC}"
EndProject
Project("{FAE04EC0-301F-11D3-BF4B-00C04F79EFBC}") = "SecurityManager", "SecurityManager\SecurityManager.csproj", "{4916E01D-7D21-44A9-8ACA-E5BDBF361C4B}"
EndProject
Project("{FAE04EC0-301F-11D3-BF4B-00C04F79EFBC}") = "ClientConsole", "ClientConsole\ClientConsole.csproj", "{036A4410-5CDB-4436-8F11-277F39DBB712}"
EndProject
Global
	GlobalSection(SolutionConfigurationPlatforms) = preSolution
		Debug|Any CPU = Debug|Any CPU
		Release|Any CPU = Release|Any CPU
	EndGlobalSection
	GlobalSection(ProjectConfigurationPlatforms) = postSolution
		{81D48CB6-A395-4876-BE52-01AE7255FC6D}.Debug|Any CPU.ActiveCfg = Debug|Any CPU
		{81D48CB6-A395-4876-BE52-01AE7255FC6D}.Debug|Any CPU.Build.0 = Debug|Any CPU
		{81D48CB6-A395-4876-BE52-01AE7255FC6D}.Release|Any CPU.ActiveCfg = Release|Any CPU
		{81D48CB6-A395-4876-BE52-01AE7255FC6D}.Release|Any CPU.Build.0 = Release|Any CPU
		{1AA9477E-7135-4A8B-A3AE-42214C9F8116}.Debug|Any CPU.ActiveCfg = Debug|Any CPU
		{1AA9477E-7135-4A8B-A3AE-42214C9F8116}.Debug|Any CPU.Build.0 = Debug|Any CPU
		{1AA9477E-7135-4A8B-A3AE-42214C9F8116}.Release|Any CPU.ActiveCfg = Release|Any CPU
		{1AA9477E-7135-4A8B-A3AE-42214C9F8116}.Release|Any CPU.Build.0 = Release|Any CPU
		{247B4115-BD45-4BDD-B54F-36610A8A11EC}.Debug|Any CPU.ActiveCfg = Debug|Any CPU
		{247B4115-BD45-4BDD-B54F-36610A8A11EC}.Debug|Any CPU.Build.0 = Debug|Any CPU
		{247B4115-BD45-4BDD-B54F-36610A8A11EC}.Release|Any CPU.ActiveCfg = Release|Any CPU
		{247B4115-BD45-4BDD-B54F-36610A8A11EC}.Release|Any CPU.Build.0 = Release|Any CPU
		{4916E01D-7D21-44A9-8ACA-E5BDBF361C4B}.Debug|Any CPU.ActiveCfg = Debug|Any CPU
		{4916E01D-7D21-44A9-8ACA-E5BDBF361C4B}.Debug|Any CPU.Build.0 = Debug|Any CPU
		{4916E01D-7D21-44A9-8ACA-E5BDBF361C4B}.Release|Any CPU.ActiveCfg = Release|Any CPU
		{4916E01D-7D21-44A9-8ACA-E5BDBF361C4B}.Release|Any CPU.Build.0 = Release|Any CPU
		{036A4410-5CDB-4436-8F11-277F39DBB712}.Debug|Any CPU.ActiveCfg = Debug|Any CPU
		{036A4410-5CDB-4436-8F11-277F39DBB712}.Debug|Any CPU.Build.0 = Debug|Any CPU
		{036A4410-5CDB-4436-8F11-277F39DBB712}.Release|Any CPU.ActiveCfg = Release|Any CPU
		{036A4410-5CDB-4436-8F11-277F39DBB712}.Release|Any CPU.Build.0 = Release|Any CPU
	EndGlobalSection
	GlobalSection(SolutionProperties) = preSolution
		HideSolutionNode = FALSE
	EndGlobalSection
	GlobalSection(ExtensibilityGlobals) = postSolution
		SolutionGuid = {72BC6C4A-CD5D-462A-84AD-AD3C0ADBE183}
	EndGlobalSection
EndGlobal
