
Microsoft Visual Studio Solution File, Format Version 12.00
# Visual Studio 15
VisualStudioVersion = 15.0.28307.136
MinimumVisualStudioVersion = 10.0.40219.1
Project("{FAE04EC0-301F-11D3-BF4B-00C04F79EFBC}") = "PZ3", "PZ3\PZ3.csproj", "{FBE2CCF7-F3C3-420E-B99C-CA858AB3EB84}"
EndProject
Global
	GlobalSection(SolutionConfigurationPlatforms) = preSolution
		Debug|Any CPU = Debug|Any CPU
		Release|Any CPU = Release|Any CPU
	EndGlobalSection
	GlobalSection(ProjectConfigurationPlatforms) = postSolution
		{FBE2CCF7-F3C3-420E-B99C-CA858AB3EB84}.Debug|Any CPU.ActiveCfg = Debug|Any CPU
		{FBE2CCF7-F3C3-420E-B99C-CA858AB3EB84}.Debug|Any CPU.Build.0 = Debug|Any CPU
		{FBE2CCF7-F3C3-420E-B99C-CA858AB3EB84}.Release|Any CPU.ActiveCfg = Release|Any CPU
		{FBE2CCF7-F3C3-420E-B99C-CA858AB3EB84}.Release|Any CPU.Build.0 = Release|Any CPU
	EndGlobalSection
	GlobalSection(SolutionProperties) = preSolution
		HideSolutionNode = FALSE
	EndGlobalSection
	GlobalSection(ExtensibilityGlobals) = postSolution
		SolutionGuid = {1460C225-AC78-41D7-A42D-DC996378DEEB}
	EndGlobalSection
EndGlobal
