
Microsoft Visual Studio Solution File, Format Version 12.00
# Visual Studio Version 16
VisualStudioVersion = 16.0.29020.237
MinimumVisualStudioVersion = 10.0.40219.1
Project("{FAE04EC0-301F-11D3-BF4B-00C04F79EFBC}") = "QueueService", "QueueService\QueueService.csproj", "{744485AF-7B86-4D07-A3FD-4E7B6D2C4A2D}"
EndProject
Project("{FAE04EC0-301F-11D3-BF4B-00C04F79EFBC}") = "Tests", "Tests\Tests.csproj", "{77E6316F-E2E0-4FBE-99AA-523CBBE1EE47}"
EndProject
Global
	GlobalSection(SolutionConfigurationPlatforms) = preSolution
		Debug|Any CPU = Debug|Any CPU
		Release|Any CPU = Release|Any CPU
	EndGlobalSection
	GlobalSection(ProjectConfigurationPlatforms) = postSolution
		{744485AF-7B86-4D07-A3FD-4E7B6D2C4A2D}.Debug|Any CPU.ActiveCfg = Debug|Any CPU
		{744485AF-7B86-4D07-A3FD-4E7B6D2C4A2D}.Debug|Any CPU.Build.0 = Debug|Any CPU
		{744485AF-7B86-4D07-A3FD-4E7B6D2C4A2D}.Release|Any CPU.ActiveCfg = Release|Any CPU
		{744485AF-7B86-4D07-A3FD-4E7B6D2C4A2D}.Release|Any CPU.Build.0 = Release|Any CPU
		{77E6316F-E2E0-4FBE-99AA-523CBBE1EE47}.Debug|Any CPU.ActiveCfg = Debug|Any CPU
		{77E6316F-E2E0-4FBE-99AA-523CBBE1EE47}.Debug|Any CPU.Build.0 = Debug|Any CPU
		{77E6316F-E2E0-4FBE-99AA-523CBBE1EE47}.Release|Any CPU.ActiveCfg = Release|Any CPU
		{77E6316F-E2E0-4FBE-99AA-523CBBE1EE47}.Release|Any CPU.Build.0 = Release|Any CPU
	EndGlobalSection
	GlobalSection(SolutionProperties) = preSolution
		HideSolutionNode = FALSE
	EndGlobalSection
	GlobalSection(ExtensibilityGlobals) = postSolution
		SolutionGuid = {F7E1CEAA-2799-4468-B082-A26DDE283556}
	EndGlobalSection
EndGlobal
