
Microsoft Visual Studio Solution File, Format Version 11.00
# Visual Studio 2010
Project("{8BC9CEB8-8B4A-11D0-8D11-00A0C91BC942}") = "Project", "Project.vcxproj", "{D05D7E6A-78F9-3A62-3131-32B0D015A621}"
EndProject
Global
	GlobalSection(SolutionConfigurationPlatforms) = preSolution
		Debug|Win32 = Debug|Win32
		Release|Win32 = Release|Win32
	EndGlobalSection
	GlobalSection(ProjectConfigurationPlatforms) = postSolution
		{D05D7E6A-78F9-3A62-3131-32B0D015A621}.Debug|Win32.ActiveCfg = Debug|Win32
		{D05D7E6A-78F9-3A62-3131-32B0D015A621}.Debug|Win32.Build.0 = Debug|Win32
		{D05D7E6A-78F9-3A62-3131-32B0D015A621}.Release|Win32.ActiveCfg = Release|Win32
		{D05D7E6A-78F9-3A62-3131-32B0D015A621}.Release|Win32.Build.0 = Release|Win32
	EndGlobalSection
	GlobalSection(SolutionProperties) = preSolution
		HideSolutionNode = FALSE
	EndGlobalSection
EndGlobal
