
Microsoft Visual Studio Solution File, Format Version 12.00
# Visual Studio Version 16
VisualStudioVersion = 16.0.30011.22
MinimumVisualStudioVersion = 10.0.40219.1
Project("{FAE04EC0-301F-11D3-BF4B-00C04F79EFBC}") = "LoadBalancer", "LoadBalancer\LoadBalancer.csproj", "{650E02E7-01EA-424A-8564-2171F71C8156}"
EndProject
Project("{FAE04EC0-301F-11D3-BF4B-00C04F79EFBC}") = "Common", "Common\Common.csproj", "{A7041C0B-2D74-43EB-8995-68AD4EED1075}"
EndProject
Project("{FAE04EC0-301F-11D3-BF4B-00C04F79EFBC}") = "Tests", "Tests\Tests.csproj", "{21146A59-48D5-41CD-9B98-93C158ACE324}"
EndProject
Global
	GlobalSection(SolutionConfigurationPlatforms) = preSolution
		Debug|Any CPU = Debug|Any CPU
		Release|Any CPU = Release|Any CPU
	EndGlobalSection
	GlobalSection(ProjectConfigurationPlatforms) = postSolution
		{650E02E7-01EA-424A-8564-2171F71C8156}.Debug|Any CPU.ActiveCfg = Debug|Any CPU
		{650E02E7-01EA-424A-8564-2171F71C8156}.Debug|Any CPU.Build.0 = Debug|Any CPU
		{650E02E7-01EA-424A-8564-2171F71C8156}.Release|Any CPU.ActiveCfg = Release|Any CPU
		{650E02E7-01EA-424A-8564-2171F71C8156}.Release|Any CPU.Build.0 = Release|Any CPU
		{A7041C0B-2D74-43EB-8995-68AD4EED1075}.Debug|Any CPU.ActiveCfg = Debug|Any CPU
		{A7041C0B-2D74-43EB-8995-68AD4EED1075}.Debug|Any CPU.Build.0 = Debug|Any CPU
		{A7041C0B-2D74-43EB-8995-68AD4EED1075}.Release|Any CPU.ActiveCfg = Release|Any CPU
		{A7041C0B-2D74-43EB-8995-68AD4EED1075}.Release|Any CPU.Build.0 = Release|Any CPU
		{21146A59-48D5-41CD-9B98-93C158ACE324}.Debug|Any CPU.ActiveCfg = Debug|Any CPU
		{21146A59-48D5-41CD-9B98-93C158ACE324}.Debug|Any CPU.Build.0 = Debug|Any CPU
		{21146A59-48D5-41CD-9B98-93C158ACE324}.Release|Any CPU.ActiveCfg = Release|Any CPU
		{21146A59-48D5-41CD-9B98-93C158ACE324}.Release|Any CPU.Build.0 = Release|Any CPU
	EndGlobalSection
	GlobalSection(SolutionProperties) = preSolution
		HideSolutionNode = FALSE
	EndGlobalSection
	GlobalSection(ExtensibilityGlobals) = postSolution
		SolutionGuid = {1C48441B-843E-4A90-8455-5E0D7189929D}
	EndGlobalSection
EndGlobal
