
Microsoft Visual Studio Solution File, Format Version 12.00
# Visual Studio 14
VisualStudioVersion = 14.0.24720.0
MinimumVisualStudioVersion = 10.0.40219.1
Project("{CC5FD16D-436D-48AD-A40C-5A424C6E3E79}") = "zadatak", "zadatak\zadatak.ccproj", "{B6192992-C1B6-490D-B2F3-CFDC77B18CA2}"
EndProject
Project("{FAE04EC0-301F-11D3-BF4B-00C04F79EFBC}") = "WebRole", "WebRole\WebRole.csproj", "{B8F92E91-BF1B-4320-8F36-5E37921F4F7B}"
EndProject
Project("{FAE04EC0-301F-11D3-BF4B-00C04F79EFBC}") = "Common", "Common\Common.csproj", "{A3B46B1A-DF1E-43CC-9381-99727EFB21F8}"
EndProject
Project("{FAE04EC0-301F-11D3-BF4B-00C04F79EFBC}") = "WorkerRole", "WorkerRole\WorkerRole.csproj", "{03092673-53ED-4B5F-ABB1-ABE0A463FEB0}"
EndProject
Global
	GlobalSection(SolutionConfigurationPlatforms) = preSolution
		Debug|Any CPU = Debug|Any CPU
		Release|Any CPU = Release|Any CPU
	EndGlobalSection
	GlobalSection(ProjectConfigurationPlatforms) = postSolution
		{B6192992-C1B6-490D-B2F3-CFDC77B18CA2}.Debug|Any CPU.ActiveCfg = Debug|Any CPU
		{B6192992-C1B6-490D-B2F3-CFDC77B18CA2}.Debug|Any CPU.Build.0 = Debug|Any CPU
		{B6192992-C1B6-490D-B2F3-CFDC77B18CA2}.Release|Any CPU.ActiveCfg = Release|Any CPU
		{B6192992-C1B6-490D-B2F3-CFDC77B18CA2}.Release|Any CPU.Build.0 = Release|Any CPU
		{B8F92E91-BF1B-4320-8F36-5E37921F4F7B}.Debug|Any CPU.ActiveCfg = Debug|Any CPU
		{B8F92E91-BF1B-4320-8F36-5E37921F4F7B}.Debug|Any CPU.Build.0 = Debug|Any CPU
		{B8F92E91-BF1B-4320-8F36-5E37921F4F7B}.Release|Any CPU.ActiveCfg = Release|Any CPU
		{B8F92E91-BF1B-4320-8F36-5E37921F4F7B}.Release|Any CPU.Build.0 = Release|Any CPU
		{A3B46B1A-DF1E-43CC-9381-99727EFB21F8}.Debug|Any CPU.ActiveCfg = Debug|Any CPU
		{A3B46B1A-DF1E-43CC-9381-99727EFB21F8}.Debug|Any CPU.Build.0 = Debug|Any CPU
		{A3B46B1A-DF1E-43CC-9381-99727EFB21F8}.Release|Any CPU.ActiveCfg = Release|Any CPU
		{A3B46B1A-DF1E-43CC-9381-99727EFB21F8}.Release|Any CPU.Build.0 = Release|Any CPU
		{03092673-53ED-4B5F-ABB1-ABE0A463FEB0}.Debug|Any CPU.ActiveCfg = Debug|Any CPU
		{03092673-53ED-4B5F-ABB1-ABE0A463FEB0}.Debug|Any CPU.Build.0 = Debug|Any CPU
		{03092673-53ED-4B5F-ABB1-ABE0A463FEB0}.Release|Any CPU.ActiveCfg = Release|Any CPU
		{03092673-53ED-4B5F-ABB1-ABE0A463FEB0}.Release|Any CPU.Build.0 = Release|Any CPU
	EndGlobalSection
	GlobalSection(SolutionProperties) = preSolution
		HideSolutionNode = FALSE
	EndGlobalSection
EndGlobal
