
Microsoft Visual Studio Solution File, Format Version 12.00
# Visual Studio Version 16
VisualStudioVersion = 16.0.29020.237
MinimumVisualStudioVersion = 10.0.40219.1
Project("{8BC9CEB8-8B4A-11D0-8D11-00A0C91BC942}") = "Server", "Server\Server.vcxproj", "{AE197C0F-5023-45CA-81D8-BE0AAC9E8E83}"
EndProject
Project("{8BC9CEB8-8B4A-11D0-8D11-00A0C91BC942}") = "Client", "Client\Client.vcxproj", "{05D7FB0B-85A3-4923-B9B7-6A88F7DA7CA8}"
EndProject
Global
	GlobalSection(SolutionConfigurationPlatforms) = preSolution
		Debug|x64 = Debug|x64
		Debug|x86 = Debug|x86
		Release|x64 = Release|x64
		Release|x86 = Release|x86
	EndGlobalSection
	GlobalSection(ProjectConfigurationPlatforms) = postSolution
		{AE197C0F-5023-45CA-81D8-BE0AAC9E8E83}.Debug|x64.ActiveCfg = Debug|x64
		{AE197C0F-5023-45CA-81D8-BE0AAC9E8E83}.Debug|x64.Build.0 = Debug|x64
		{AE197C0F-5023-45CA-81D8-BE0AAC9E8E83}.Debug|x86.ActiveCfg = Debug|Win32
		{AE197C0F-5023-45CA-81D8-BE0AAC9E8E83}.Debug|x86.Build.0 = Debug|Win32
		{AE197C0F-5023-45CA-81D8-BE0AAC9E8E83}.Release|x64.ActiveCfg = Release|x64
		{AE197C0F-5023-45CA-81D8-BE0AAC9E8E83}.Release|x64.Build.0 = Release|x64
		{AE197C0F-5023-45CA-81D8-BE0AAC9E8E83}.Release|x86.ActiveCfg = Release|Win32
		{AE197C0F-5023-45CA-81D8-BE0AAC9E8E83}.Release|x86.Build.0 = Release|Win32
		{05D7FB0B-85A3-4923-B9B7-6A88F7DA7CA8}.Debug|x64.ActiveCfg = Debug|x64
		{05D7FB0B-85A3-4923-B9B7-6A88F7DA7CA8}.Debug|x64.Build.0 = Debug|x64
		{05D7FB0B-85A3-4923-B9B7-6A88F7DA7CA8}.Debug|x86.ActiveCfg = Debug|Win32
		{05D7FB0B-85A3-4923-B9B7-6A88F7DA7CA8}.Debug|x86.Build.0 = Debug|Win32
		{05D7FB0B-85A3-4923-B9B7-6A88F7DA7CA8}.Release|x64.ActiveCfg = Release|x64
		{05D7FB0B-85A3-4923-B9B7-6A88F7DA7CA8}.Release|x64.Build.0 = Release|x64
		{05D7FB0B-85A3-4923-B9B7-6A88F7DA7CA8}.Release|x86.ActiveCfg = Release|Win32
		{05D7FB0B-85A3-4923-B9B7-6A88F7DA7CA8}.Release|x86.Build.0 = Release|Win32
	EndGlobalSection
	GlobalSection(SolutionProperties) = preSolution
		HideSolutionNode = FALSE
	EndGlobalSection
	GlobalSection(ExtensibilityGlobals) = postSolution
		SolutionGuid = {E6EF31BC-F142-4E4B-A5C4-EC6933DD92E7}
	EndGlobalSection
EndGlobal
