
Microsoft Visual Studio Solution File, Format Version 12.00
# Visual Studio 15
VisualStudioVersion = 15.0.28307.136
MinimumVisualStudioVersion = 10.0.40219.1
Project("{FAE04EC0-301F-11D3-BF4B-00C04F79EFBC}") = "PZ2", "PZ2\PZ2.csproj", "{83FFAB8C-A43A-406A-BFC0-E212CA71B67D}"
EndProject
Global
	GlobalSection(SolutionConfigurationPlatforms) = preSolution
		Debug|Any CPU = Debug|Any CPU
		Release|Any CPU = Release|Any CPU
	EndGlobalSection
	GlobalSection(ProjectConfigurationPlatforms) = postSolution
		{83FFAB8C-A43A-406A-BFC0-E212CA71B67D}.Debug|Any CPU.ActiveCfg = Debug|Any CPU
		{83FFAB8C-A43A-406A-BFC0-E212CA71B67D}.Debug|Any CPU.Build.0 = Debug|Any CPU
		{83FFAB8C-A43A-406A-BFC0-E212CA71B67D}.Release|Any CPU.ActiveCfg = Release|Any CPU
		{83FFAB8C-A43A-406A-BFC0-E212CA71B67D}.Release|Any CPU.Build.0 = Release|Any CPU
	EndGlobalSection
	GlobalSection(SolutionProperties) = preSolution
		HideSolutionNode = FALSE
	EndGlobalSection
	GlobalSection(ExtensibilityGlobals) = postSolution
		SolutionGuid = {DF68EDCC-A190-4339-92CF-E9F333B0DF58}
	EndGlobalSection
EndGlobal
